// !$*UTF8*$!
{
	archiveVersion = 1;
	classes = {
	};
	objectVersion = 46;
	objects = {
		5E618435888B9D49F8540165 = {
			buildActionMask = 2147483647;
			files = (
				);
			isa = PBXShellScriptBuildPhase;
			runOnlyForDeploymentPostprocessing = 0;
			name = "Qt Qmake";
			shellPath = "/bin/sh";
			shellScript = "make -C /Users/diesel/Projects/Qt/IRealtor_Desktop/build-IRealtor_Desktop-iphonesimulator_clang_Qt_5_3_for_iOS-Debug -f IRealtor_Desktop.xcodeproj/qt_makeqmake.mak";
		};
		BF4864CCC3ADEC963406A8F3 = {
			isa = PBXFileReference;
			path = "../IRealtor_Desktop/main.cpp";
			name = "main.cpp";
			sourceTree = "<absolute>";
			lastKnownFileType = "sourcecode.cpp.cpp";
		};
		16FB27906D2A7758760AD548 = {
			fileRef = "BF4864CCC3ADEC963406A8F3";
			isa = PBXBuildFile;
			settings = {
				ATTRIBUTES = (
					);
			};
		};
		018AEDCC0A9E9B27BBAFAB04 = {
			isa = PBXFileReference;
			path = "../IRealtor_Desktop/mainwindow.cpp";
			name = "mainwindow.cpp";
			sourceTree = "<absolute>";
			lastKnownFileType = "sourcecode.cpp.cpp";
		};
		ABA30CC9CD3026A54B0AE633 = {
			fileRef = "018AEDCC0A9E9B27BBAFAB04";
			isa = PBXBuildFile;
			settings = {
				ATTRIBUTES = (
					);
			};
		};
		6FD6610EB49D7F66781F1F50 = {
			isa = PBXFileReference;
			path = "../IRealtor_Desktop/realtyobject.cpp";
			name = "realtyobject.cpp";
			sourceTree = "<absolute>";
			lastKnownFileType = "sourcecode.cpp.cpp";
		};
		3C009A8B7A95F3124E95FA3F = {
			fileRef = "6FD6610EB49D7F66781F1F50";
			isa = PBXBuildFile;
			settings = {
				ATTRIBUTES = (
					);
			};
		};
		5F35DC56E749783CF8DB4773 = {
			isa = PBXFileReference;
			path = "irealtor_desktop_plugin_import.cpp";
			sourceTree = "<absolute>";
			lastKnownFileType = "sourcecode.cpp.cpp";
		};
		F2BC1B2742C1141AA77E2CEE = {
			fileRef = "5F35DC56E749783CF8DB4773";
			isa = PBXBuildFile;
			settings = {
				ATTRIBUTES = (
					);
			};
		};
		491D647FB885630B9BBC2445 = {
			isa = PBXFileReference;
			path = "qrc_res.cpp";
			sourceTree = "<absolute>";
			lastKnownFileType = "sourcecode.cpp.cpp";
		};
		8A298891EC6F56C86649F13D = {
			fileRef = "491D647FB885630B9BBC2445";
			isa = PBXBuildFile;
			settings = {
				ATTRIBUTES = (
					);
			};
		};
		721C1DE06B327393E3F7D7E1 = {
			isa = PBXFileReference;
			path = "moc_mainwindow.cpp";
			sourceTree = "<absolute>";
			lastKnownFileType = "sourcecode.cpp.cpp";
		};
		2F9983ACB124B74F32685F47 = {
			fileRef = "721C1DE06B327393E3F7D7E1";
			isa = PBXBuildFile;
			settings = {
				ATTRIBUTES = (
					);
			};
		};
		BC71073308019D025FFDA8AB = {
			isa = PBXFileReference;
			path = "moc_realtyobject.cpp";
			sourceTree = "<absolute>";
			lastKnownFileType = "sourcecode.cpp.cpp";
		};
		4627EE3DED3B0211A6915058 = {
			fileRef = "BC71073308019D025FFDA8AB";
			isa = PBXBuildFile;
			settings = {
				ATTRIBUTES = (
					);
			};
		};
		14C9776A4B2E34DB51106724 = {
			isa = PBXFileReference;
			path = "ui_mainwindow.h";
			sourceTree = "<absolute>";
			lastKnownFileType = "sourcecode.c.h";
		};
		419202A4CDC35027B9C37569 = {
			isa = PBXFileReference;
			path = "ui_realtyobject.h";
			sourceTree = "<absolute>";
			lastKnownFileType = "sourcecode.c.h";
		};
		4966797A0B3259EEED9DF643 = {
			isa = PBXFileReference;
			path = "../IRealtor_Desktop/mainwindow.h";
			name = "mainwindow.h";
			sourceTree = "<absolute>";
			lastKnownFileType = "sourcecode.c.h";
		};
		BF7DEB4D4866C4CC09ED2099 = {
			isa = PBXFileReference;
			path = "../IRealtor_Desktop/realtyobject.h";
			name = "realtyobject.h";
			sourceTree = "<absolute>";
			lastKnownFileType = "sourcecode.c.h";
		};
		51D949F93F71EF8CDD0D6269 = {
			isa = PBXFileReference;
			path = "../IRealtor_Desktop/IRealtor_Desktop.pro";
			name = "IRealtor_Desktop.pro";
			sourceTree = "<absolute>";
			lastKnownFileType = "text";
		};
		A1C33829184E5A293B764388 = {
			isa = PBXFileReference;
			path = "../../../../DevTools/Qt5.3.1/5.3/ios/mkspecs/qdevice.pri";
			name = "qdevice.pri";
			sourceTree = "<absolute>";
		};
		1E60F7F9DA1A756B68D20625 = {
			isa = PBXFileReference;
			path = "../../../../DevTools/Qt5.3.1/5.3/ios/mkspecs/common/shell-unix.conf";
			name = "shell-unix.conf";
			sourceTree = "<absolute>";
		};
		4003DAF67DF1A2ECB58ECCC1 = {
			isa = PBXFileReference;
			path = "../../../../DevTools/Qt5.3.1/5.3/ios/mkspecs/common/unix.conf";
			name = "unix.conf";
			sourceTree = "<absolute>";
		};
		AF0653E3F2BAFA9481607104 = {
			isa = PBXFileReference;
			path = "../../../../DevTools/Qt5.3.1/5.3/ios/mkspecs/common/mac.conf";
			name = "mac.conf";
			sourceTree = "<absolute>";
		};
		3033ED4E250368B96088B167 = {
			isa = PBXFileReference;
			path = "../../../../DevTools/Qt5.3.1/5.3/ios/mkspecs/common/ios.conf";
			name = "ios.conf";
			sourceTree = "<absolute>";
		};
		705D2E3A7139496240B7741E = {
			isa = PBXFileReference;
			path = "../../../../DevTools/Qt5.3.1/5.3/ios/mkspecs/common/gcc-base.conf";
			name = "gcc-base.conf";
			sourceTree = "<absolute>";
		};
		9AAEF7C6B43A80C8B18C0C4E = {
			isa = PBXFileReference;
			path = "../../../../DevTools/Qt5.3.1/5.3/ios/mkspecs/common/gcc-base-mac.conf";
			name = "gcc-base-mac.conf";
			sourceTree = "<absolute>";
		};
		E489254CE38DB8219D27E999 = {
			isa = PBXFileReference;
			path = "../../../../DevTools/Qt5.3.1/5.3/ios/mkspecs/common/clang.conf";
			name = "clang.conf";
			sourceTree = "<absolute>";
		};
		39FB242B0A5960F784DE4928 = {
			isa = PBXFileReference;
			path = "../../../../DevTools/Qt5.3.1/5.3/ios/mkspecs/common/clang-mac.conf";
			name = "clang-mac.conf";
			sourceTree = "<absolute>";
		};
		463D521E09BF1AAB774B550C = {
			isa = PBXFileReference;
			path = "../../../../DevTools/Qt5.3.1/5.3/ios/mkspecs/common/ios/clang.conf";
			name = "clang.conf";
			sourceTree = "<absolute>";
		};
		E0A0776D23DC30879FE29571 = {
			isa = PBXFileReference;
			path = "../../../../DevTools/Qt5.3.1/5.3/ios/mkspecs/common/ios/qmake.conf";
			name = "qmake.conf";
			sourceTree = "<absolute>";
		};
		D767060BA83137B80DB71F1C = {
			isa = PBXFileReference;
			path = "../../../../DevTools/Qt5.3.1/5.3/ios/mkspecs/qconfig.pri";
			name = "qconfig.pri";
			sourceTree = "<absolute>";
		};
		31A6EB2403D68410D3363E22 = {
			isa = PBXFileReference;
			path = "../../../../DevTools/Qt5.3.1/5.3/ios/mkspecs/modules/qt_lib_bootstrap_private.pri";
			name = "qt_lib_bootstrap_private.pri";
			sourceTree = "<absolute>";
		};
		79FE5228B9CB6926C269D032 = {
			isa = PBXFileReference;
			path = "../../../../DevTools/Qt5.3.1/5.3/ios/mkspecs/modules/qt_lib_clucene_private.pri";
			name = "qt_lib_clucene_private.pri";
			sourceTree = "<absolute>";
		};
		C0C46F31CF1BE24CA9586B20 = {
			isa = PBXFileReference;
			path = "../../../../DevTools/Qt5.3.1/5.3/ios/mkspecs/modules/qt_lib_concurrent.pri";
			name = "qt_lib_concurrent.pri";
			sourceTree = "<absolute>";
		};
		96A52C0F7CA3A412D48C0122 = {
			isa = PBXFileReference;
			path = "../../../../DevTools/Qt5.3.1/5.3/ios/mkspecs/modules/qt_lib_concurrent_private.pri";
			name = "qt_lib_concurrent_private.pri";
			sourceTree = "<absolute>";
		};
		7472E55952FBDF65A272554B = {
			isa = PBXFileReference;
			path = "../../../../DevTools/Qt5.3.1/5.3/ios/mkspecs/modules/qt_lib_core.pri";
			name = "qt_lib_core.pri";
			sourceTree = "<absolute>";
		};
		DA3B50DC529ADDC6CBFE3698 = {
			isa = PBXFileReference;
			path = "../../../../DevTools/Qt5.3.1/5.3/ios/mkspecs/modules/qt_lib_core_private.pri";
			name = "qt_lib_core_private.pri";
			sourceTree = "<absolute>";
		};
		285CF481226053D004F166BF = {
			isa = PBXFileReference;
			path = "../../../../DevTools/Qt5.3.1/5.3/ios/mkspecs/modules/qt_lib_declarative.pri";
			name = "qt_lib_declarative.pri";
			sourceTree = "<absolute>";
		};
		6909EABF76C4FBFC9342F040 = {
			isa = PBXFileReference;
			path = "../../../../DevTools/Qt5.3.1/5.3/ios/mkspecs/modules/qt_lib_declarative_private.pri";
			name = "qt_lib_declarative_private.pri";
			sourceTree = "<absolute>";
		};
		52B299CD214F4AC292F9FEBF = {
			isa = PBXFileReference;
			path = "../../../../DevTools/Qt5.3.1/5.3/ios/mkspecs/modules/qt_lib_enginio.pri";
			name = "qt_lib_enginio.pri";
			sourceTree = "<absolute>";
		};
		3C1CCE64F1BACD6C67E00909 = {
			isa = PBXFileReference;
			path = "../../../../DevTools/Qt5.3.1/5.3/ios/mkspecs/modules/qt_lib_enginio_private.pri";
			name = "qt_lib_enginio_private.pri";
			sourceTree = "<absolute>";
		};
		DDB609FE006BC378D3B4C4C2 = {
			isa = PBXFileReference;
			path = "../../../../DevTools/Qt5.3.1/5.3/ios/mkspecs/modules/qt_lib_gui.pri";
			name = "qt_lib_gui.pri";
			sourceTree = "<absolute>";
		};
		03B7F19FD833CB1A2B4DE238 = {
			isa = PBXFileReference;
			path = "../../../../DevTools/Qt5.3.1/5.3/ios/mkspecs/modules/qt_lib_gui_private.pri";
			name = "qt_lib_gui_private.pri";
			sourceTree = "<absolute>";
		};
		2F7B81056051479A5287FB73 = {
			isa = PBXFileReference;
			path = "../../../../DevTools/Qt5.3.1/5.3/ios/mkspecs/modules/qt_lib_help.pri";
			name = "qt_lib_help.pri";
			sourceTree = "<absolute>";
		};
		FA55111AE25DD2C7B522FD08 = {
			isa = PBXFileReference;
			path = "../../../../DevTools/Qt5.3.1/5.3/ios/mkspecs/modules/qt_lib_help_private.pri";
			name = "qt_lib_help_private.pri";
			sourceTree = "<absolute>";
		};
		50C8F840C652E997681D7D2A = {
			isa = PBXFileReference;
			path = "../../../../DevTools/Qt5.3.1/5.3/ios/mkspecs/modules/qt_lib_multimedia.pri";
			name = "qt_lib_multimedia.pri";
			sourceTree = "<absolute>";
		};
		7646C340C9FA0F6351A13610 = {
			isa = PBXFileReference;
			path = "../../../../DevTools/Qt5.3.1/5.3/ios/mkspecs/modules/qt_lib_multimedia_private.pri";
			name = "qt_lib_multimedia_private.pri";
			sourceTree = "<absolute>";
		};
		DF0C074650E2282860AC35EA = {
			isa = PBXFileReference;
			path = "../../../../DevTools/Qt5.3.1/5.3/ios/mkspecs/modules/qt_lib_multimediawidgets.pri";
			name = "qt_lib_multimediawidgets.pri";
			sourceTree = "<absolute>";
		};
		5896DA46FD5732CAFE8237C6 = {
			isa = PBXFileReference;
			path = "../../../../DevTools/Qt5.3.1/5.3/ios/mkspecs/modules/qt_lib_multimediawidgets_private.pri";
			name = "qt_lib_multimediawidgets_private.pri";
			sourceTree = "<absolute>";
		};
		85EFA5C56A18B352C032533E = {
			isa = PBXFileReference;
			path = "../../../../DevTools/Qt5.3.1/5.3/ios/mkspecs/modules/qt_lib_network.pri";
			name = "qt_lib_network.pri";
			sourceTree = "<absolute>";
		};
		C7E658B41079ABC969B88315 = {
			isa = PBXFileReference;
			path = "../../../../DevTools/Qt5.3.1/5.3/ios/mkspecs/modules/qt_lib_network_private.pri";
			name = "qt_lib_network_private.pri";
			sourceTree = "<absolute>";
		};
		710AF2E706A9FD3456F623D4 = {
			isa = PBXFileReference;
			path = "../../../../DevTools/Qt5.3.1/5.3/ios/mkspecs/modules/qt_lib_opengl.pri";
			name = "qt_lib_opengl.pri";
			sourceTree = "<absolute>";
		};
		187EE58FE0EC4E71450CBEA6 = {
			isa = PBXFileReference;
			path = "../../../../DevTools/Qt5.3.1/5.3/ios/mkspecs/modules/qt_lib_opengl_private.pri";
			name = "qt_lib_opengl_private.pri";
			sourceTree = "<absolute>";
		};
		FD0D6D83ADCC8C3BC43DB937 = {
			isa = PBXFileReference;
			path = "../../../../DevTools/Qt5.3.1/5.3/ios/mkspecs/modules/qt_lib_openglextensions.pri";
			name = "qt_lib_openglextensions.pri";
			sourceTree = "<absolute>";
		};
		024964752ED802F1FDAB4855 = {
			isa = PBXFileReference;
			path = "../../../../DevTools/Qt5.3.1/5.3/ios/mkspecs/modules/qt_lib_openglextensions_private.pri";
			name = "qt_lib_openglextensions_private.pri";
			sourceTree = "<absolute>";
		};
		27B3C7F8936DB685EFCD77DA = {
			isa = PBXFileReference;
			path = "../../../../DevTools/Qt5.3.1/5.3/ios/mkspecs/modules/qt_lib_platformsupport_private.pri";
			name = "qt_lib_platformsupport_private.pri";
			sourceTree = "<absolute>";
		};
		C11AC725A7E6C2C8E3F9BFB8 = {
			isa = PBXFileReference;
			path = "../../../../DevTools/Qt5.3.1/5.3/ios/mkspecs/modules/qt_lib_positioning.pri";
			name = "qt_lib_positioning.pri";
			sourceTree = "<absolute>";
		};
		29FF66DF165274BE3B0FE62E = {
			isa = PBXFileReference;
			path = "../../../../DevTools/Qt5.3.1/5.3/ios/mkspecs/modules/qt_lib_positioning_private.pri";
			name = "qt_lib_positioning_private.pri";
			sourceTree = "<absolute>";
		};
		4DA762CC17534AFEC67B867F = {
			isa = PBXFileReference;
			path = "../../../../DevTools/Qt5.3.1/5.3/ios/mkspecs/modules/qt_lib_printsupport.pri";
			name = "qt_lib_printsupport.pri";
			sourceTree = "<absolute>";
		};
		255151CA934D024C5C54A14E = {
			isa = PBXFileReference;
			path = "../../../../DevTools/Qt5.3.1/5.3/ios/mkspecs/modules/qt_lib_printsupport_private.pri";
			name = "qt_lib_printsupport_private.pri";
			sourceTree = "<absolute>";
		};
		89C4234D74E32E378C21E08A = {
			isa = PBXFileReference;
			path = "../../../../DevTools/Qt5.3.1/5.3/ios/mkspecs/modules/qt_lib_qml.pri";
			name = "qt_lib_qml.pri";
			sourceTree = "<absolute>";
		};
		3A618128215CA6AADA8FA575 = {
			isa = PBXFileReference;
			path = "../../../../DevTools/Qt5.3.1/5.3/ios/mkspecs/modules/qt_lib_qml_private.pri";
			name = "qt_lib_qml_private.pri";
			sourceTree = "<absolute>";
		};
		811562D7C46952BBEB30F54B = {
			isa = PBXFileReference;
			path = "../../../../DevTools/Qt5.3.1/5.3/ios/mkspecs/modules/qt_lib_qmldevtools_private.pri";
			name = "qt_lib_qmldevtools_private.pri";
			sourceTree = "<absolute>";
		};
		7754F4C453F566713BE66EE1 = {
			isa = PBXFileReference;
			path = "../../../../DevTools/Qt5.3.1/5.3/ios/mkspecs/modules/qt_lib_qmltest.pri";
			name = "qt_lib_qmltest.pri";
			sourceTree = "<absolute>";
		};
		120C19B768ADD95DE2440E8D = {
			isa = PBXFileReference;
			path = "../../../../DevTools/Qt5.3.1/5.3/ios/mkspecs/modules/qt_lib_qmltest_private.pri";
			name = "qt_lib_qmltest_private.pri";
			sourceTree = "<absolute>";
		};
		C3DB7E243D1EB18AEE845005 = {
			isa = PBXFileReference;
			path = "../../../../DevTools/Qt5.3.1/5.3/ios/mkspecs/modules/qt_lib_qtmultimediaquicktools_private.pri";
			name = "qt_lib_qtmultimediaquicktools_private.pri";
			sourceTree = "<absolute>";
		};
		5D670283946FD640BC3A4C42 = {
			isa = PBXFileReference;
			path = "../../../../DevTools/Qt5.3.1/5.3/ios/mkspecs/modules/qt_lib_quick.pri";
			name = "qt_lib_quick.pri";
			sourceTree = "<absolute>";
		};
		C741836C1E82BA3DFDD4D4C9 = {
			isa = PBXFileReference;
			path = "../../../../DevTools/Qt5.3.1/5.3/ios/mkspecs/modules/qt_lib_quick_private.pri";
			name = "qt_lib_quick_private.pri";
			sourceTree = "<absolute>";
		};
		2072A1379734E2EAD9EA7ADB = {
			isa = PBXFileReference;
			path = "../../../../DevTools/Qt5.3.1/5.3/ios/mkspecs/modules/qt_lib_quickparticles_private.pri";
			name = "qt_lib_quickparticles_private.pri";
			sourceTree = "<absolute>";
		};
		C0547C84BCCE0AC49E5DB2A6 = {
			isa = PBXFileReference;
			path = "../../../../DevTools/Qt5.3.1/5.3/ios/mkspecs/modules/qt_lib_quickwidgets.pri";
			name = "qt_lib_quickwidgets.pri";
			sourceTree = "<absolute>";
		};
		FC07D4B22EEA2184CDD3B5CE = {
			isa = PBXFileReference;
			path = "../../../../DevTools/Qt5.3.1/5.3/ios/mkspecs/modules/qt_lib_quickwidgets_private.pri";
			name = "qt_lib_quickwidgets_private.pri";
			sourceTree = "<absolute>";
		};
		FAFC7FDA972627AA85711367 = {
			isa = PBXFileReference;
			path = "../../../../DevTools/Qt5.3.1/5.3/ios/mkspecs/modules/qt_lib_script.pri";
			name = "qt_lib_script.pri";
			sourceTree = "<absolute>";
		};
		5E5A7E06B98514E136E31600 = {
			isa = PBXFileReference;
			path = "../../../../DevTools/Qt5.3.1/5.3/ios/mkspecs/modules/qt_lib_script_private.pri";
			name = "qt_lib_script_private.pri";
			sourceTree = "<absolute>";
		};
		E7AF467CF0DA18F83124A7E7 = {
			isa = PBXFileReference;
			path = "../../../../DevTools/Qt5.3.1/5.3/ios/mkspecs/modules/qt_lib_scripttools.pri";
			name = "qt_lib_scripttools.pri";
			sourceTree = "<absolute>";
		};
		3866C4B0D8E14C1A8CBDDE41 = {
			isa = PBXFileReference;
			path = "../../../../DevTools/Qt5.3.1/5.3/ios/mkspecs/modules/qt_lib_scripttools_private.pri";
			name = "qt_lib_scripttools_private.pri";
			sourceTree = "<absolute>";
		};
		913570E2A1F425C8F4A47E45 = {
			isa = PBXFileReference;
			path = "../../../../DevTools/Qt5.3.1/5.3/ios/mkspecs/modules/qt_lib_sensors.pri";
			name = "qt_lib_sensors.pri";
			sourceTree = "<absolute>";
		};
		BA4E1D14E0AAAA164971597E = {
			isa = PBXFileReference;
			path = "../../../../DevTools/Qt5.3.1/5.3/ios/mkspecs/modules/qt_lib_sensors_private.pri";
			name = "qt_lib_sensors_private.pri";
			sourceTree = "<absolute>";
		};
		6F50784FA10C10CDD7C15168 = {
			isa = PBXFileReference;
			path = "../../../../DevTools/Qt5.3.1/5.3/ios/mkspecs/modules/qt_lib_sql.pri";
			name = "qt_lib_sql.pri";
			sourceTree = "<absolute>";
		};
		D5DE8136EB010EF4046A085F = {
			isa = PBXFileReference;
			path = "../../../../DevTools/Qt5.3.1/5.3/ios/mkspecs/modules/qt_lib_sql_private.pri";
			name = "qt_lib_sql_private.pri";
			sourceTree = "<absolute>";
		};
		41B93DAEA9E96776D550D801 = {
			isa = PBXFileReference;
			path = "../../../../DevTools/Qt5.3.1/5.3/ios/mkspecs/modules/qt_lib_svg.pri";
			name = "qt_lib_svg.pri";
			sourceTree = "<absolute>";
		};
		1811D1F6062054AA4176333C = {
			isa = PBXFileReference;
			path = "../../../../DevTools/Qt5.3.1/5.3/ios/mkspecs/modules/qt_lib_svg_private.pri";
			name = "qt_lib_svg_private.pri";
			sourceTree = "<absolute>";
		};
		5E04FF322BE4528E2C80222F = {
			isa = PBXFileReference;
			path = "../../../../DevTools/Qt5.3.1/5.3/ios/mkspecs/modules/qt_lib_testlib.pri";
			name = "qt_lib_testlib.pri";
			sourceTree = "<absolute>";
		};
		9FFF26CE28D27C0095663FF7 = {
			isa = PBXFileReference;
			path = "../../../../DevTools/Qt5.3.1/5.3/ios/mkspecs/modules/qt_lib_testlib_private.pri";
			name = "qt_lib_testlib_private.pri";
			sourceTree = "<absolute>";
		};
		1622BFCA1FAF192276628B47 = {
			isa = PBXFileReference;
			path = "../../../../DevTools/Qt5.3.1/5.3/ios/mkspecs/modules/qt_lib_uitools.pri";
			name = "qt_lib_uitools.pri";
			sourceTree = "<absolute>";
		};
		76FDCC05A0DA5ED19AEE7728 = {
			isa = PBXFileReference;
			path = "../../../../DevTools/Qt5.3.1/5.3/ios/mkspecs/modules/qt_lib_uitools_private.pri";
			name = "qt_lib_uitools_private.pri";
			sourceTree = "<absolute>";
		};
		131563C4CB6B71476F7FD429 = {
			isa = PBXFileReference;
			path = "../../../../DevTools/Qt5.3.1/5.3/ios/mkspecs/modules/qt_lib_websockets.pri";
			name = "qt_lib_websockets.pri";
			sourceTree = "<absolute>";
		};
		2B801190972ED8A27BE98FDA = {
			isa = PBXFileReference;
			path = "../../../../DevTools/Qt5.3.1/5.3/ios/mkspecs/modules/qt_lib_websockets_private.pri";
			name = "qt_lib_websockets_private.pri";
			sourceTree = "<absolute>";
		};
		FA0E109841D21E7196982455 = {
			isa = PBXFileReference;
			path = "../../../../DevTools/Qt5.3.1/5.3/ios/mkspecs/modules/qt_lib_widgets.pri";
			name = "qt_lib_widgets.pri";
			sourceTree = "<absolute>";
		};
		ABB0333334AA5593AABE64CC = {
			isa = PBXFileReference;
			path = "../../../../DevTools/Qt5.3.1/5.3/ios/mkspecs/modules/qt_lib_widgets_private.pri";
			name = "qt_lib_widgets_private.pri";
			sourceTree = "<absolute>";
		};
		B68336C7D8357BBC1110D11A = {
			isa = PBXFileReference;
			path = "../../../../DevTools/Qt5.3.1/5.3/ios/mkspecs/modules/qt_lib_xml.pri";
			name = "qt_lib_xml.pri";
			sourceTree = "<absolute>";
		};
		5F605E40E0BF363D727E3C81 = {
			isa = PBXFileReference;
			path = "../../../../DevTools/Qt5.3.1/5.3/ios/mkspecs/modules/qt_lib_xml_private.pri";
			name = "qt_lib_xml_private.pri";
			sourceTree = "<absolute>";
		};
		E2B023F35B0F77CEF0A64F10 = {
			isa = PBXFileReference;
			path = "../../../../DevTools/Qt5.3.1/5.3/ios/mkspecs/modules/qt_lib_xmlpatterns.pri";
			name = "qt_lib_xmlpatterns.pri";
			sourceTree = "<absolute>";
		};
		209ABB766A6CAF7469F074CE = {
			isa = PBXFileReference;
			path = "../../../../DevTools/Qt5.3.1/5.3/ios/mkspecs/modules/qt_lib_xmlpatterns_private.pri";
			name = "qt_lib_xmlpatterns_private.pri";
			sourceTree = "<absolute>";
		};
		C1222DB789C6AF3568253588 = {
			isa = PBXFileReference;
			path = "../../../../DevTools/Qt5.3.1/5.3/ios/mkspecs/modules/qt_plugin_qavfcamera.pri";
			name = "qt_plugin_qavfcamera.pri";
			sourceTree = "<absolute>";
		};
		4313A52145C49FECE4075A32 = {
			isa = PBXFileReference;
			path = "../../../../DevTools/Qt5.3.1/5.3/ios/mkspecs/modules/qt_plugin_qavfmediaplayer.pri";
			name = "qt_plugin_qavfmediaplayer.pri";
			sourceTree = "<absolute>";
		};
		5955EBE9AB108D6D86DF1226 = {
			isa = PBXFileReference;
			path = "../../../../DevTools/Qt5.3.1/5.3/ios/mkspecs/modules/qt_plugin_qdds.pri";
			name = "qt_plugin_qdds.pri";
			sourceTree = "<absolute>";
		};
		0A1C5B082D3CEDCFA258692E = {
			isa = PBXFileReference;
			path = "../../../../DevTools/Qt5.3.1/5.3/ios/mkspecs/modules/qt_plugin_qgenericbearer.pri";
			name = "qt_plugin_qgenericbearer.pri";
			sourceTree = "<absolute>";
		};
		D0CC1363E422B6BBDD1F81D9 = {
			isa = PBXFileReference;
			path = "../../../../DevTools/Qt5.3.1/5.3/ios/mkspecs/modules/qt_plugin_qicns.pri";
			name = "qt_plugin_qicns.pri";
			sourceTree = "<absolute>";
		};
		60EB22BB3032F979240ADA29 = {
			isa = PBXFileReference;
			path = "../../../../DevTools/Qt5.3.1/5.3/ios/mkspecs/modules/qt_plugin_qico.pri";
			name = "qt_plugin_qico.pri";
			sourceTree = "<absolute>";
		};
		A085F3CA0A7AA9F9E5C3B116 = {
			isa = PBXFileReference;
			path = "../../../../DevTools/Qt5.3.1/5.3/ios/mkspecs/modules/qt_plugin_qios.pri";
			name = "qt_plugin_qios.pri";
			sourceTree = "<absolute>";
		};
		2C4165E68A74D256BF8C84F9 = {
			isa = PBXFileReference;
			path = "../../../../DevTools/Qt5.3.1/5.3/ios/mkspecs/modules/qt_plugin_qjp2.pri";
			name = "qt_plugin_qjp2.pri";
			sourceTree = "<absolute>";
		};
		A818A73126E9325F78FB692D = {
			isa = PBXFileReference;
			path = "../../../../DevTools/Qt5.3.1/5.3/ios/mkspecs/modules/qt_plugin_qminimal.pri";
			name = "qt_plugin_qminimal.pri";
			sourceTree = "<absolute>";
		};
		62BA9ABC41F579B34AADC119 = {
			isa = PBXFileReference;
			path = "../../../../DevTools/Qt5.3.1/5.3/ios/mkspecs/modules/qt_plugin_qmldbg_inspector.pri";
			name = "qt_plugin_qmldbg_inspector.pri";
			sourceTree = "<absolute>";
		};
		F34617C685087FB09FACB60F = {
			isa = PBXFileReference;
			path = "../../../../DevTools/Qt5.3.1/5.3/ios/mkspecs/modules/qt_plugin_qmldbg_qtquick2.pri";
			name = "qt_plugin_qmldbg_qtquick2.pri";
			sourceTree = "<absolute>";
		};
		9D94F72664BD712C28A8D178 = {
			isa = PBXFileReference;
			path = "../../../../DevTools/Qt5.3.1/5.3/ios/mkspecs/modules/qt_plugin_qmldbg_tcp.pri";
			name = "qt_plugin_qmldbg_tcp.pri";
			sourceTree = "<absolute>";
		};
		63DE81152EB25EA24634B384 = {
			isa = PBXFileReference;
			path = "../../../../DevTools/Qt5.3.1/5.3/ios/mkspecs/modules/qt_plugin_qmldbg_tcp_qtdeclarative.pri";
			name = "qt_plugin_qmldbg_tcp_qtdeclarative.pri";
			sourceTree = "<absolute>";
		};
		2A315123396E241A452E0FE5 = {
			isa = PBXFileReference;
			path = "../../../../DevTools/Qt5.3.1/5.3/ios/mkspecs/modules/qt_plugin_qmng.pri";
			name = "qt_plugin_qmng.pri";
			sourceTree = "<absolute>";
		};
		CC425FF52DCD57C80E5F32DD = {
			isa = PBXFileReference;
			path = "../../../../DevTools/Qt5.3.1/5.3/ios/mkspecs/modules/qt_plugin_qoffscreen.pri";
			name = "qt_plugin_qoffscreen.pri";
			sourceTree = "<absolute>";
		};
		99789B1117BA953D24D2041A = {
			isa = PBXFileReference;
			path = "../../../../DevTools/Qt5.3.1/5.3/ios/mkspecs/modules/qt_plugin_qsqlite.pri";
			name = "qt_plugin_qsqlite.pri";
			sourceTree = "<absolute>";
		};
		E8FCCC6248F89BBC9869625C = {
			isa = PBXFileReference;
			path = "../../../../DevTools/Qt5.3.1/5.3/ios/mkspecs/modules/qt_plugin_qsvg.pri";
			name = "qt_plugin_qsvg.pri";
			sourceTree = "<absolute>";
		};
		C40661E483C44114DB694807 = {
			isa = PBXFileReference;
			path = "../../../../DevTools/Qt5.3.1/5.3/ios/mkspecs/modules/qt_plugin_qsvgicon.pri";
			name = "qt_plugin_qsvgicon.pri";
			sourceTree = "<absolute>";
		};
		E207B522276F4BAB306601E8 = {
			isa = PBXFileReference;
			path = "../../../../DevTools/Qt5.3.1/5.3/ios/mkspecs/modules/qt_plugin_qtaccessiblequick.pri";
			name = "qt_plugin_qtaccessiblequick.pri";
			sourceTree = "<absolute>";
		};
		EEC7803F31351940D9D9F121 = {
			isa = PBXFileReference;
			path = "../../../../DevTools/Qt5.3.1/5.3/ios/mkspecs/modules/qt_plugin_qtaccessiblewidgets.pri";
			name = "qt_plugin_qtaccessiblewidgets.pri";
			sourceTree = "<absolute>";
		};
		CDC08A0B255909F58BAEA634 = {
			isa = PBXFileReference;
			path = "../../../../DevTools/Qt5.3.1/5.3/ios/mkspecs/modules/qt_plugin_qtaudio_coreaudio.pri";
			name = "qt_plugin_qtaudio_coreaudio.pri";
			sourceTree = "<absolute>";
		};
		3565531BC003405F7A8CA7A2 = {
			isa = PBXFileReference;
			path = "../../../../DevTools/Qt5.3.1/5.3/ios/mkspecs/modules/qt_plugin_qtga.pri";
			name = "qt_plugin_qtga.pri";
			sourceTree = "<absolute>";
		};
		907EC3409405109F9DCD5D6D = {
			isa = PBXFileReference;
			path = "../../../../DevTools/Qt5.3.1/5.3/ios/mkspecs/modules/qt_plugin_qtiff.pri";
			name = "qt_plugin_qtiff.pri";
			sourceTree = "<absolute>";
		};
		FEC7663C9105306CFBC2C804 = {
			isa = PBXFileReference;
			path = "../../../../DevTools/Qt5.3.1/5.3/ios/mkspecs/modules/qt_plugin_qtmedia_audioengine.pri";
			name = "qt_plugin_qtmedia_audioengine.pri";
			sourceTree = "<absolute>";
		};
		093834ACF3321B0B7CA2F97F = {
			isa = PBXFileReference;
			path = "../../../../DevTools/Qt5.3.1/5.3/ios/mkspecs/modules/qt_plugin_qtmultimedia_m3u.pri";
			name = "qt_plugin_qtmultimedia_m3u.pri";
			sourceTree = "<absolute>";
		};
		4A83C29789F5A0A1538530E4 = {
			isa = PBXFileReference;
			path = "../../../../DevTools/Qt5.3.1/5.3/ios/mkspecs/modules/qt_plugin_qtposition_cl.pri";
			name = "qt_plugin_qtposition_cl.pri";
			sourceTree = "<absolute>";
		};
		BFD84955553B40EC78711056 = {
			isa = PBXFileReference;
			path = "../../../../DevTools/Qt5.3.1/5.3/ios/mkspecs/modules/qt_plugin_qtposition_positionpoll.pri";
			name = "qt_plugin_qtposition_positionpoll.pri";
			sourceTree = "<absolute>";
		};
		EF47721263199E85982231A1 = {
			isa = PBXFileReference;
			path = "../../../../DevTools/Qt5.3.1/5.3/ios/mkspecs/modules/qt_plugin_qtsensorgestures_plugin.pri";
			name = "qt_plugin_qtsensorgestures_plugin.pri";
			sourceTree = "<absolute>";
		};
		8C179744C0C95B16DCEDA977 = {
			isa = PBXFileReference;
			path = "../../../../DevTools/Qt5.3.1/5.3/ios/mkspecs/modules/qt_plugin_qtsensorgestures_shakeplugin.pri";
			name = "qt_plugin_qtsensorgestures_shakeplugin.pri";
			sourceTree = "<absolute>";
		};
		668C7BFAE31F8ABD11F9C109 = {
			isa = PBXFileReference;
			path = "../../../../DevTools/Qt5.3.1/5.3/ios/mkspecs/modules/qt_plugin_qtsensors_generic.pri";
			name = "qt_plugin_qtsensors_generic.pri";
			sourceTree = "<absolute>";
		};
		C502A9E08E53F7D1D82F719C = {
			isa = PBXFileReference;
			path = "../../../../DevTools/Qt5.3.1/5.3/ios/mkspecs/modules/qt_plugin_qtsensors_ios.pri";
			name = "qt_plugin_qtsensors_ios.pri";
			sourceTree = "<absolute>";
		};
		6646E52511E9A8319C5C6DCE = {
			isa = PBXFileReference;
			path = "../../../../DevTools/Qt5.3.1/5.3/ios/mkspecs/modules/qt_plugin_qwbmp.pri";
			name = "qt_plugin_qwbmp.pri";
			sourceTree = "<absolute>";
		};
		A329C3F2267236773E1C37AC = {
			isa = PBXFileReference;
			path = "../../../../DevTools/Qt5.3.1/5.3/ios/mkspecs/modules/qt_plugin_qwebp.pri";
			name = "qt_plugin_qwebp.pri";
			sourceTree = "<absolute>";
		};
		C749C1A0B093C4400F27CF3D = {
			isa = PBXFileReference;
			path = "../../../../DevTools/Qt5.3.1/5.3/ios/mkspecs/macx-ios-clang/qmake.conf";
			name = "qmake.conf";
			sourceTree = "<absolute>";
		};
		97CF8F849392453484FEF4A7 = {
			isa = PBXFileReference;
			path = "../../../../DevTools/Qt5.3.1/5.3/ios/mkspecs/macx-xcode/qmake.conf";
			name = "qmake.conf";
			sourceTree = "<absolute>";
		};
		40B4D37EA6B391F7111EF0BC = {
			isa = PBXFileReference;
			path = "../../../../DevTools/Qt5.3.1/5.3/ios/mkspecs/macx-ios-clang/Default-568h@2x.png";
			name = "Default-568h@2x.png";
			sourceTree = "<absolute>";
		};
		D854499E1C78776F9C45AC79 = {
			isa = PBXFileReference;
			path = "../IRealtor_Desktop/res.qrc";
			name = "res.qrc";
			sourceTree = "<absolute>";
			lastKnownFileType = "text";
		};
		D854499E1C78776F9C45AC79 = {
			isa = PBXFileReference;
			path = "../IRealtor_Desktop/res.qrc";
			name = "res.qrc";
			sourceTree = "<absolute>";
			lastKnownFileType = "text";
		};
		986E70D9869F3194B7EC543C = {
			isa = PBXFileReference;
			path = "../IRealtor_Desktop/mainwindow.ui";
			name = "mainwindow.ui";
			sourceTree = "<absolute>";
		};
		6AEDF2EBF761CE537F14B83F = {
			isa = PBXFileReference;
			path = "../IRealtor_Desktop/realtyobject.ui";
			name = "realtyobject.ui";
			sourceTree = "<absolute>";
		};
		25B08E2869634E9BCBA333A2 = {
			isa = PBXGroup;
			children = (
				"491D647FB885630B9BBC2445",
				"721C1DE06B327393E3F7D7E1",
				"BC71073308019D025FFDA8AB",
				"14C9776A4B2E34DB51106724",
				"419202A4CDC35027B9C37569");
			name = "Generated Sources";
			sourceTree = "<Group>";
		};
		8DFAB9C8B16410B121704055 = {
			isa = PBXGroup;
			children = (
				"9AC7647C73777E218146F7BE");
			name = "..";
			sourceTree = "<Group>";
		};
		9AC7647C73777E218146F7BE = {
			isa = PBXGroup;
			children = (
				"D854499E1C78776F9C45AC79");
			name = "IRealtor_Desktop";
			sourceTree = "<Group>";
		};
		3B3F738D630545A64DD05AC0 = {
			isa = PBXGroup;
			children = (
				"2BE404B9D23B7A4557C64772");
			name = "..";
			sourceTree = "<Group>";
		};
		2BE404B9D23B7A4557C64772 = {
			isa = PBXGroup;
			children = (
				"986E70D9869F3194B7EC543C",
				"6AEDF2EBF761CE537F14B83F");
			name = "IRealtor_Desktop";
			sourceTree = "<Group>";
		};
		5ADDF1BA7F6260E6AA5739ED = {
			isa = PBXGroup;
			children = (
				"E90EBBC1A6C49C0F3C0DF706");
			name = "..";
			sourceTree = "<Group>";
		};
		E90EBBC1A6C49C0F3C0DF706 = {
			isa = PBXGroup;
			children = (
				"BF4864CCC3ADEC963406A8F3",
				"018AEDCC0A9E9B27BBAFAB04",
				"6FD6610EB49D7F66781F1F50",
				"4966797A0B3259EEED9DF643",
				"BF7DEB4D4866C4CC09ED2099");
			name = "IRealtor_Desktop";
			sourceTree = "<Group>";
		};
		A3E1AA9917EC82D3446C262A = {
			isa = PBXGroup;
			children = (
				"1B217A76EDFC5F3B2A118E93",
				"35A022BA52A944E55BE8A2F8");
			name = "..";
			sourceTree = "<Group>";
		};
		35A022BA52A944E55BE8A2F8 = {
			isa = PBXGroup;
			children = (
				"EEC2917E61EF201566DE28DF");
			name = "..";
			sourceTree = "<Group>";
		};
		EEC2917E61EF201566DE28DF = {
			isa = PBXGroup;
			children = (
				"1933AD1077FBD72E23068D09");
			name = "..";
			sourceTree = "<Group>";
		};
		1933AD1077FBD72E23068D09 = {
			isa = PBXGroup;
			children = (
				"B5203FA959F39C4C4BF84443");
			name = "..";
			sourceTree = "<Group>";
		};
		B5203FA959F39C4C4BF84443 = {
			isa = PBXGroup;
			children = (
				"5FFC5DF86BB6E43FD22950CF");
			name = "DevTools";
			sourceTree = "<Group>";
		};
		5FFC5DF86BB6E43FD22950CF = {
			isa = PBXGroup;
			children = (
				"B0743F5769553B6F5F04EF95");
			name = "Qt5.3.1";
			sourceTree = "<Group>";
		};
		B0743F5769553B6F5F04EF95 = {
			isa = PBXGroup;
			children = (
				"97261ADDAB9B8439220354C3");
			name = "5.3";
			sourceTree = "<Group>";
		};
		97261ADDAB9B8439220354C3 = {
			isa = PBXGroup;
			children = (
				"33618B80AD502D3DE70C8A89");
			name = "ios";
			sourceTree = "<Group>";
		};
		33618B80AD502D3DE70C8A89 = {
			isa = PBXGroup;
			children = (
				"A1C33829184E5A293B764388",
				"A8CCDA79453365CF7B5141E6",
				"D767060BA83137B80DB71F1C",
				"33B42E86C394F05BF73A18A8",
				"A1D8221BFF1578F801BA33DE",
				"16318C5C28D5E40119192929");
			name = "mkspecs";
			sourceTree = "<Group>";
		};
		A8CCDA79453365CF7B5141E6 = {
			isa = PBXGroup;
			children = (
				"1E60F7F9DA1A756B68D20625",
				"4003DAF67DF1A2ECB58ECCC1",
				"AF0653E3F2BAFA9481607104",
				"3033ED4E250368B96088B167",
				"705D2E3A7139496240B7741E",
				"9AAEF7C6B43A80C8B18C0C4E",
				"E489254CE38DB8219D27E999",
				"39FB242B0A5960F784DE4928",
				"EEAC7DCF196C66F766926A4D");
			name = "common";
			sourceTree = "<Group>";
		};
		EEAC7DCF196C66F766926A4D = {
			isa = PBXGroup;
			children = (
				"463D521E09BF1AAB774B550C",
				"E0A0776D23DC30879FE29571");
			name = "ios";
			sourceTree = "<Group>";
		};
		A1D8221BFF1578F801BA33DE = {
			isa = PBXGroup;
			children = (
				"C749C1A0B093C4400F27CF3D",
				"40B4D37EA6B391F7111EF0BC");
			name = "macx-ios-clang";
			sourceTree = "<Group>";
		};
		16318C5C28D5E40119192929 = {
			isa = PBXGroup;
			children = (
				"97CF8F849392453484FEF4A7");
			name = "macx-xcode";
			sourceTree = "<Group>";
		};
		33B42E86C394F05BF73A18A8 = {
			isa = PBXGroup;
			children = (
				"31A6EB2403D68410D3363E22",
				"79FE5228B9CB6926C269D032",
				"C0C46F31CF1BE24CA9586B20",
				"96A52C0F7CA3A412D48C0122",
				"7472E55952FBDF65A272554B",
				"DA3B50DC529ADDC6CBFE3698",
				"285CF481226053D004F166BF",
				"6909EABF76C4FBFC9342F040",
				"52B299CD214F4AC292F9FEBF",
				"3C1CCE64F1BACD6C67E00909",
				"DDB609FE006BC378D3B4C4C2",
				"03B7F19FD833CB1A2B4DE238",
				"2F7B81056051479A5287FB73",
				"FA55111AE25DD2C7B522FD08",
				"50C8F840C652E997681D7D2A",
				"7646C340C9FA0F6351A13610",
				"DF0C074650E2282860AC35EA",
				"5896DA46FD5732CAFE8237C6",
				"85EFA5C56A18B352C032533E",
				"C7E658B41079ABC969B88315",
				"710AF2E706A9FD3456F623D4",
				"187EE58FE0EC4E71450CBEA6",
				"FD0D6D83ADCC8C3BC43DB937",
				"024964752ED802F1FDAB4855",
				"27B3C7F8936DB685EFCD77DA",
				"C11AC725A7E6C2C8E3F9BFB8",
				"29FF66DF165274BE3B0FE62E",
				"4DA762CC17534AFEC67B867F",
				"255151CA934D024C5C54A14E",
				"89C4234D74E32E378C21E08A",
				"3A618128215CA6AADA8FA575",
				"811562D7C46952BBEB30F54B",
				"7754F4C453F566713BE66EE1",
				"120C19B768ADD95DE2440E8D",
				"C3DB7E243D1EB18AEE845005",
				"5D670283946FD640BC3A4C42",
				"C741836C1E82BA3DFDD4D4C9",
				"2072A1379734E2EAD9EA7ADB",
				"C0547C84BCCE0AC49E5DB2A6",
				"FC07D4B22EEA2184CDD3B5CE",
				"FAFC7FDA972627AA85711367",
				"5E5A7E06B98514E136E31600",
				"E7AF467CF0DA18F83124A7E7",
				"3866C4B0D8E14C1A8CBDDE41",
				"913570E2A1F425C8F4A47E45",
				"BA4E1D14E0AAAA164971597E",
				"6F50784FA10C10CDD7C15168",
				"D5DE8136EB010EF4046A085F",
				"41B93DAEA9E96776D550D801",
				"1811D1F6062054AA4176333C",
				"5E04FF322BE4528E2C80222F",
				"9FFF26CE28D27C0095663FF7",
				"1622BFCA1FAF192276628B47",
				"76FDCC05A0DA5ED19AEE7728",
				"131563C4CB6B71476F7FD429",
				"2B801190972ED8A27BE98FDA",
				"FA0E109841D21E7196982455",
				"ABB0333334AA5593AABE64CC",
				"B68336C7D8357BBC1110D11A",
				"5F605E40E0BF363D727E3C81",
				"E2B023F35B0F77CEF0A64F10",
				"209ABB766A6CAF7469F074CE",
				"C1222DB789C6AF3568253588",
				"4313A52145C49FECE4075A32",
				"5955EBE9AB108D6D86DF1226",
				"0A1C5B082D3CEDCFA258692E",
				"D0CC1363E422B6BBDD1F81D9",
				"60EB22BB3032F979240ADA29",
				"A085F3CA0A7AA9F9E5C3B116",
				"2C4165E68A74D256BF8C84F9",
				"A818A73126E9325F78FB692D",
				"62BA9ABC41F579B34AADC119",
				"F34617C685087FB09FACB60F",
				"9D94F72664BD712C28A8D178",
				"63DE81152EB25EA24634B384",
				"2A315123396E241A452E0FE5",
				"CC425FF52DCD57C80E5F32DD",
				"99789B1117BA953D24D2041A",
				"E8FCCC6248F89BBC9869625C",
				"C40661E483C44114DB694807",
				"E207B522276F4BAB306601E8",
				"EEC7803F31351940D9D9F121",
				"CDC08A0B255909F58BAEA634",
				"3565531BC003405F7A8CA7A2",
				"907EC3409405109F9DCD5D6D",
				"FEC7663C9105306CFBC2C804",
				"093834ACF3321B0B7CA2F97F",
				"4A83C29789F5A0A1538530E4",
				"BFD84955553B40EC78711056",
				"EF47721263199E85982231A1",
				"8C179744C0C95B16DCEDA977",
				"668C7BFAE31F8ABD11F9C109",
				"C502A9E08E53F7D1D82F719C",
				"6646E52511E9A8319C5C6DCE",
				"A329C3F2267236773E1C37AC");
			name = "modules";
			sourceTree = "<Group>";
		};
		1B217A76EDFC5F3B2A118E93 = {
			isa = PBXGroup;
			children = (
				"51D949F93F71EF8CDD0D6269",
				"D854499E1C78776F9C45AC79");
			name = "IRealtor_Desktop";
			sourceTree = "<Group>";
		};
		87DF60DE337FB58864343E39 = {
			isa = PBXGroup;
			children = (
				"8DFAB9C8B16410B121704055");
			name = "Resources";
			sourceTree = "<Group>";
		};
		2EB56BE3C2D93CDAB0C52E67 = {
			isa = PBXGroup;
			children = (
				"5ADDF1BA7F6260E6AA5739ED",
				"5F35DC56E749783CF8DB4773");
			name = "Sources";
			sourceTree = "<Group>";
		};
		12E908B8A1C3C07C115504F5 = {
			isa = PBXGroup;
			children = (
				"3B3F738D630545A64DD05AC0");
			name = "Sources [uic]";
			sourceTree = "<Group>";
		};
		74B182DB50CB5611B5C1C297 = {
			isa = PBXGroup;
			children = (
				"A3E1AA9917EC82D3446C262A");
			name = "Supporting Files";
			sourceTree = "<Group>";
		};
		7EF0942E79C014DCEC8976BC = {
			buildActionMask = 2147483647;
			files = (
				);
			isa = PBXShellScriptBuildPhase;
			runOnlyForDeploymentPostprocessing = 0;
			name = "Qt Preprocessors";
			shellPath = "/bin/sh";
			shellScript = "make -C /Users/diesel/Projects/Qt/IRealtor_Desktop/build-IRealtor_Desktop-iphonesimulator_clang_Qt_5_3_for_iOS-Debug -f IRealtor_Desktop.xcodeproj/qt_preprocess.mak";
		};
		F7E50F631C51CD5B5DC0BC43 = {
			buildActionMask = 2147483647;
			files = (
				"16FB27906D2A7758760AD548",
				"ABA30CC9CD3026A54B0AE633",
				"3C009A8B7A95F3124E95FA3F",
				"F2BC1B2742C1141AA77E2CEE",
				"8A298891EC6F56C86649F13D",
				"2F9983ACB124B74F32685F47",
				"4627EE3DED3B0211A6915058");
			isa = PBXSourcesBuildPhase;
			runOnlyForDeploymentPostprocessing = 0;
			name = "Compile Sources";
		};
		B35231F249B7E1F6697B8C9F = {
			isa = PBXFileReference;
			name = "qios";
			path = "../../../../DevTools/Qt5.3.1/5.3/ios/plugins/platforms/libqios$(QT_LIBRARY_SUFFIX).a";
			refType = 4;
			sourceTree = "<absolute>";
		};
		C3AF8CE7C69D78783BB4C762 = {
			fileRef = "B35231F249B7E1F6697B8C9F";
			isa = PBXBuildFile;
			settings = {
			};
		};
		FCC237CA5AD60B9BA4447615 = {
			isa = PBXFileReference;
			name = "Foundation.framework";
			path = "/System/Library/Frameworks/Foundation.framework";
			refType = 0;
			sourceTree = "<absolute>";
			lastKnownFileType = "wrapper.framework";
		};
		F26454630C80841CBDCFE1CA = {
			fileRef = "FCC237CA5AD60B9BA4447615";
			isa = PBXBuildFile;
			settings = {
			};
		};
		7EC00404ACD5AB0E97726B0E = {
			isa = PBXFileReference;
			name = "QuartzCore.framework";
			path = "/System/Library/Frameworks/QuartzCore.framework";
			refType = 0;
			sourceTree = "<absolute>";
			lastKnownFileType = "wrapper.framework";
		};
		B460F624007324313696BE86 = {
			fileRef = "7EC00404ACD5AB0E97726B0E";
			isa = PBXBuildFile;
			settings = {
			};
		};
		4D765E1B1EA6C757220C63E7 = {
			isa = PBXFileReference;
			name = "CoreFoundation.framework";
			path = "/System/Library/Frameworks/CoreFoundation.framework";
			refType = 0;
			sourceTree = "<absolute>";
			lastKnownFileType = "wrapper.framework";
		};
		F8B465CE34D8DF87AAE95913 = {
			fileRef = "4D765E1B1EA6C757220C63E7";
			isa = PBXBuildFile;
			settings = {
			};
		};
		7D7B02101166B76FD2D4F8B4 = {
			isa = PBXFileReference;
			name = "CoreText.framework";
			path = "/System/Library/Frameworks/CoreText.framework";
			refType = 0;
			sourceTree = "<absolute>";
			lastKnownFileType = "wrapper.framework";
		};
		2B02D9DC58A01E45248DDBCE = {
			fileRef = "7D7B02101166B76FD2D4F8B4";
			isa = PBXBuildFile;
			settings = {
			};
		};
		6AE3EC31EE5BB1FCEE84137C = {
			isa = PBXFileReference;
			name = "CoreGraphics.framework";
			path = "/System/Library/Frameworks/CoreGraphics.framework";
			refType = 0;
			sourceTree = "<absolute>";
			lastKnownFileType = "wrapper.framework";
		};
		0CE02722F00CAD43741297B5 = {
			fileRef = "6AE3EC31EE5BB1FCEE84137C";
			isa = PBXBuildFile;
			settings = {
			};
		};
		1B7A32D81229D72A259D31A5 = {
			isa = PBXFileReference;
			name = "Qt5PlatformSupport";
			path = "../../../../DevTools/Qt5.3.1/5.3/ios/lib/libQt5PlatformSupport$(QT_LIBRARY_SUFFIX).a";
			refType = 4;
			sourceTree = "<absolute>";
		};
		E641A2A6D280C2F2D2F91DE4 = {
			fileRef = "1B7A32D81229D72A259D31A5";
			isa = PBXBuildFile;
			settings = {
			};
		};
		89E04C18C6B728958EF580D4 = {
			isa = PBXFileReference;
			name = "qtaccessiblewidgets";
			path = "../../../../DevTools/Qt5.3.1/5.3/ios/plugins/accessible/libqtaccessiblewidgets$(QT_LIBRARY_SUFFIX).a";
			refType = 4;
			sourceTree = "<absolute>";
		};
		2A81A3AF2FE938F90A134ED8 = {
			fileRef = "89E04C18C6B728958EF580D4";
			isa = PBXBuildFile;
			settings = {
			};
		};
		8CD69713CDE032E777466E14 = {
			isa = PBXFileReference;
			name = "Qt5Widgets";
			path = "../../../../DevTools/Qt5.3.1/5.3/ios/lib/libQt5Widgets$(QT_LIBRARY_SUFFIX).a";
			refType = 4;
			sourceTree = "<absolute>";
		};
		C671B3CB106EB31DC5EFC2FA = {
			fileRef = "8CD69713CDE032E777466E14";
			isa = PBXBuildFile;
			settings = {
			};
		};
		0B614C81C568E3321080B6BE = {
			isa = PBXFileReference;
			name = "qsqlite";
			path = "../../../../DevTools/Qt5.3.1/5.3/ios/plugins/sqldrivers/libqsqlite$(QT_LIBRARY_SUFFIX).a";
			refType = 4;
			sourceTree = "<absolute>";
		};
		81A24A85EDF41C2268A9DE92 = {
			fileRef = "0B614C81C568E3321080B6BE";
			isa = PBXBuildFile;
			settings = {
			};
		};
		675097517B92FBB902DAC360 = {
			isa = PBXFileReference;
			name = "Qt5Sql";
			path = "../../../../DevTools/Qt5.3.1/5.3/ios/lib/libQt5Sql$(QT_LIBRARY_SUFFIX).a";
			refType = 4;
			sourceTree = "<absolute>";
		};
		F70978712AA5CFA2378187F1 = {
			fileRef = "675097517B92FBB902DAC360";
			isa = PBXBuildFile;
			settings = {
			};
		};
		BCCD7DE3E2EBEE8C57F58DEC = {
			isa = PBXFileReference;
			name = "qdds";
			path = "../../../../DevTools/Qt5.3.1/5.3/ios/plugins/imageformats/libqdds$(QT_LIBRARY_SUFFIX).a";
			refType = 4;
			sourceTree = "<absolute>";
		};
		010DD329120EF9938718049F = {
			fileRef = "BCCD7DE3E2EBEE8C57F58DEC";
			isa = PBXBuildFile;
			settings = {
			};
		};
		F438C05C9DD6C1E3389D3B4E = {
			isa = PBXFileReference;
			name = "qicns";
			path = "../../../../DevTools/Qt5.3.1/5.3/ios/plugins/imageformats/libqicns$(QT_LIBRARY_SUFFIX).a";
			refType = 4;
			sourceTree = "<absolute>";
		};
		91C63324FA2F79FB3050B2D0 = {
			fileRef = "F438C05C9DD6C1E3389D3B4E";
			isa = PBXBuildFile;
			settings = {
			};
		};
		C787DA41E0EED0682C6B789B = {
			isa = PBXFileReference;
			name = "qico";
			path = "../../../../DevTools/Qt5.3.1/5.3/ios/plugins/imageformats/libqico$(QT_LIBRARY_SUFFIX).a";
			refType = 4;
			sourceTree = "<absolute>";
		};
		224B7A6BBF5F2154B7A6A0F2 = {
			fileRef = "C787DA41E0EED0682C6B789B";
			isa = PBXBuildFile;
			settings = {
			};
		};
		BF8A8B2F0447C33D9A46CC2C = {
			isa = PBXFileReference;
			name = "qjp2";
			path = "../../../../DevTools/Qt5.3.1/5.3/ios/plugins/imageformats/libqjp2$(QT_LIBRARY_SUFFIX).a";
			refType = 4;
			sourceTree = "<absolute>";
		};
		0656938927EA029AB2FB1DB0 = {
			fileRef = "BF8A8B2F0447C33D9A46CC2C";
			isa = PBXBuildFile;
			settings = {
			};
		};
		5CA73F291A25A06749D4F421 = {
			isa = PBXFileReference;
			name = "qmng";
			path = "../../../../DevTools/Qt5.3.1/5.3/ios/plugins/imageformats/libqmng$(QT_LIBRARY_SUFFIX).a";
			refType = 4;
			sourceTree = "<absolute>";
		};
		9BF1C8920C131963EF592256 = {
			fileRef = "5CA73F291A25A06749D4F421";
			isa = PBXBuildFile;
			settings = {
			};
		};
		022D856FAC74D08AAA5CA2AE = {
			isa = PBXFileReference;
			name = "qtga";
			path = "../../../../DevTools/Qt5.3.1/5.3/ios/plugins/imageformats/libqtga$(QT_LIBRARY_SUFFIX).a";
			refType = 4;
			sourceTree = "<absolute>";
		};
		775CA74404D5D60E22278DE1 = {
			fileRef = "022D856FAC74D08AAA5CA2AE";
			isa = PBXBuildFile;
			settings = {
			};
		};
		D01C8B6945102B5647570F5B = {
			isa = PBXFileReference;
			name = "qtiff";
			path = "../../../../DevTools/Qt5.3.1/5.3/ios/plugins/imageformats/libqtiff$(QT_LIBRARY_SUFFIX).a";
			refType = 4;
			sourceTree = "<absolute>";
		};
		196820DBADE023CFD4B96EB4 = {
			fileRef = "D01C8B6945102B5647570F5B";
			isa = PBXBuildFile;
			settings = {
			};
		};
		60DEC4351E0D5CC0547F83DE = {
			isa = PBXFileReference;
			name = "qwbmp";
			path = "../../../../DevTools/Qt5.3.1/5.3/ios/plugins/imageformats/libqwbmp$(QT_LIBRARY_SUFFIX).a";
			refType = 4;
			sourceTree = "<absolute>";
		};
		AE3BB504D32855EEA18822C1 = {
			fileRef = "60DEC4351E0D5CC0547F83DE";
			isa = PBXBuildFile;
			settings = {
			};
		};
		388400248FFEAC389393C742 = {
			isa = PBXFileReference;
			name = "qwebp";
			path = "../../../../DevTools/Qt5.3.1/5.3/ios/plugins/imageformats/libqwebp$(QT_LIBRARY_SUFFIX).a";
			refType = 4;
			sourceTree = "<absolute>";
		};
		91F678F89B85AEA70F06E4B6 = {
			fileRef = "388400248FFEAC389393C742";
			isa = PBXBuildFile;
			settings = {
			};
		};
		619B67353EACA8FF56B5D9C4 = {
			isa = PBXFileReference;
			name = "Qt5Gui";
			path = "../../../../DevTools/Qt5.3.1/5.3/ios/lib/libQt5Gui$(QT_LIBRARY_SUFFIX).a";
			refType = 4;
			sourceTree = "<absolute>";
		};
		F65C6DDE9D9E1CAC7185ECF7 = {
			fileRef = "619B67353EACA8FF56B5D9C4";
			isa = PBXBuildFile;
			settings = {
			};
		};
		FA027E2186F966C424E195A5 = {
			isa = PBXFileReference;
			name = "qtharfbuzzng";
			path = "../../../../DevTools/Qt5.3.1/5.3/ios/lib/libqtharfbuzzng$(QT_LIBRARY_SUFFIX).a";
			refType = 4;
			sourceTree = "<absolute>";
		};
		8BB42DDD7BB9509521135B97 = {
			fileRef = "FA027E2186F966C424E195A5";
			isa = PBXBuildFile;
			settings = {
			};
		};
		1C508ED8135A73C77C524CC9 = {
			isa = PBXFileReference;
			name = "Qt5Core";
			path = "../../../../DevTools/Qt5.3.1/5.3/ios/lib/libQt5Core$(QT_LIBRARY_SUFFIX).a";
			refType = 4;
			sourceTree = "<absolute>";
		};
		C8C4FA2C6B9A3D1F47EE0EE9 = {
			fileRef = "1C508ED8135A73C77C524CC9";
			isa = PBXBuildFile;
			settings = {
			};
		};
		3DA90DAE39A0C9D07C6F6B0F = {
			buildActionMask = 2147483647;
			files = (
				);
			inputPaths = (
				"$(OBJECT_FILE_DIR_$(CURRENT_VARIANT))/$(CURRENT_ARCH)/*.o");
			outputPaths = (
				"$(LINK_FILE_LIST_$(CURRENT_VARIANT)_$(CURRENT_ARCH))");
			isa = PBXShellScriptBuildPhase;
			runOnlyForDeploymentPostprocessing = 0;
			name = "Qt Prelink";
			shellPath = "/bin/sh";
			shellScript = "/Users/diesel/DevTools/Qt5.3.1/5.3/ios/mkspecs/macx-ios-clang/rename_main.sh ${OBJECT_FILE_DIR}-${CURRENT_VARIANT}/${CURRENT_ARCH}";
		};
		AF39DD055C3EF8226FBE929D = {
			children = (
				"B35231F249B7E1F6697B8C9F",
				"FCC237CA5AD60B9BA4447615",
				"7EC00404ACD5AB0E97726B0E",
				"4D765E1B1EA6C757220C63E7",
				"7D7B02101166B76FD2D4F8B4",
				"6AE3EC31EE5BB1FCEE84137C",
				"1B7A32D81229D72A259D31A5",
				"89E04C18C6B728958EF580D4",
				"8CD69713CDE032E777466E14",
				"0B614C81C568E3321080B6BE",
				"675097517B92FBB902DAC360",
				"BCCD7DE3E2EBEE8C57F58DEC",
				"F438C05C9DD6C1E3389D3B4E",
				"C787DA41E0EED0682C6B789B",
				"BF8A8B2F0447C33D9A46CC2C",
				"5CA73F291A25A06749D4F421",
				"022D856FAC74D08AAA5CA2AE",
				"D01C8B6945102B5647570F5B",
				"60DEC4351E0D5CC0547F83DE",
				"388400248FFEAC389393C742",
				"619B67353EACA8FF56B5D9C4",
				"FA027E2186F966C424E195A5",
				"1C508ED8135A73C77C524CC9");
			isa = PBXGroup;
			name = "Frameworks";
			sourceTree = "<Group>";
		};
		D1C883685E82D5676953459A = {
			buildActionMask = 2147483647;
			files = (
				"C3AF8CE7C69D78783BB4C762",
				"F26454630C80841CBDCFE1CA",
				"B460F624007324313696BE86",
				"F8B465CE34D8DF87AAE95913",
				"2B02D9DC58A01E45248DDBCE",
				"0CE02722F00CAD43741297B5",
				"E641A2A6D280C2F2D2F91DE4",
				"2A81A3AF2FE938F90A134ED8",
				"C671B3CB106EB31DC5EFC2FA",
				"81A24A85EDF41C2268A9DE92",
				"F70978712AA5CFA2378187F1",
				"010DD329120EF9938718049F",
				"91C63324FA2F79FB3050B2D0",
				"224B7A6BBF5F2154B7A6A0F2",
				"0656938927EA029AB2FB1DB0",
				"9BF1C8920C131963EF592256",
				"775CA74404D5D60E22278DE1",
				"196820DBADE023CFD4B96EB4",
				"AE3BB504D32855EEA18822C1",
				"91F678F89B85AEA70F06E4B6",
				"F65C6DDE9D9E1CAC7185ECF7",
				"8BB42DDD7BB9509521135B97",
				"C8C4FA2C6B9A3D1F47EE0EE9");
			isa = PBXFrameworksBuildPhase;
			runOnlyForDeploymentPostprocessing = 0;
			name = "Link Binary With Libraries";
		};
		B54E7ECE28CA01B939E2FD25 = {
			isa = PBXFileReference;
			path = "IRealtor_Desktop.xcodeproj/Default-568h@2x.png";
			sourceTree = "<absolute>";
		};
		3F7650585DF40CA76DB8A46A = {
			fileRef = "B54E7ECE28CA01B939E2FD25";
			isa = PBXBuildFile;
		};
		30414803F31797EB689AE508 = {
			buildActionMask = 2147483647;
			files = (
				"3F7650585DF40CA76DB8A46A");
			isa = PBXResourcesBuildPhase;
			runOnlyForDeploymentPostprocessing = 0;
			name = "Copy Bundle Resources";
		};
		858FCAB0EB1F29CF8B07677C = {
			children = (
				"B54E7ECE28CA01B939E2FD25");
			isa = PBXGroup;
			name = "Bundle Resources";
			sourceTree = "<Group>";
		};
		CD2F4C5BBBC7F27D78EEAE10 = {
			isa = PBXFileReference;
			includeInIndex = 0;
			explicitFileType = "wrapper.application";
			path = "IRealtor_Desktop.app";
			sourceTree = BUILT_PRODUCTS_DIR;
		};
		FE0A091FDBFB3E9C31B7A1BD = {
			children = (
				"CD2F4C5BBBC7F27D78EEAE10");
			isa = PBXGroup;
			name = "Products";
			sourceTree = "<Group>";
		};
		E8C543AB96796ECAA2E65C57 = {
			children = (
				"2EB56BE3C2D93CDAB0C52E67",
				"25B08E2869634E9BCBA333A2",
				"74B182DB50CB5611B5C1C297",
				"87DF60DE337FB58864343E39",
				"12E908B8A1C3C07C115504F5",
				"AF39DD055C3EF8226FBE929D",
				"858FCAB0EB1F29CF8B07677C",
				"FE0A091FDBFB3E9C31B7A1BD");
			isa = PBXGroup;
			name = "IRealtor_Desktop";
			sourceTree = "<Group>";
		};
		DB13583B19521E727A8F63A6 = {
			buildPhases = (
				"5E618435888B9D49F8540165",
				"7EF0942E79C014DCEC8976BC");
			dependencies = (
				);
			buildConfigurationList = 6CC3B5D2136C7CD6A5CF5A59;
			isa = PBXAggregateTarget;
			buildRules = (
);
			productName = "Qt Preprocess";
			name = "Qt Preprocess";
		};
		DF59FA151ECA22AA3ADB6811 = {
			isa = PBXTargetDependency;
			target = "DB13583B19521E727A8F63A6";
		};
		908A16A6697A93FF2E5946AC = {
			buildPhases = (
				"F7E50F631C51CD5B5DC0BC43",
				"3DA90DAE39A0C9D07C6F6B0F",
				"D1C883685E82D5676953459A",
				"30414803F31797EB689AE508");
			dependencies = (
				"DF59FA151ECA22AA3ADB6811");
			productReference = "CD2F4C5BBBC7F27D78EEAE10";
			buildConfigurationList = 6CC3B5D2136C7CD6A5CF5A59;
			isa = PBXNativeTarget;
			buildRules = (
);
			productType = "com.apple.product-type.application";
			name = "IRealtor_Desktop";
			productName = "IRealtor_Desktop";
		};
		3AA6C32AC930069E80220CF1 = {
			isa = XCBuildConfiguration;
			buildSettings = {
				"ARCHS[sdk=iphoneos*]" = "armv7";
				"ARCHS[sdk=iphonesimulator*]" = "i386";
				COPY_PHASE_STRIP = "NO";
				DEBUG_INFORMATION_FORMAT = "dwarf";
				GCC_GENERATE_DEBUGGING_SYMBOLS = "YES";
				GCC_OPTIMIZATION_LEVEL = "0";
				PRODUCT_NAME = "IRealtor_Desktop";
				QT_LIBRARY_SUFFIX = "_debug";
				"QT_LIBRARY_SUFFIX[sdk=iphonesimulator*]" = "_iphonesimulator$(QT_LIBRARY_SUFFIX)";
				SDKROOT = "iphonesimulator";
				TARGETED_DEVICE_FAMILY = "1,2";
				GCC_VERSION = com.apple.compilers.llvm.clang.1_0;
				CC = "/Applications/Xcode.app/Contents/Developer/Toolchains/XcodeDefault.xctoolchain/usr/bin/clang";
				LDPLUSPLUS = "/Applications/Xcode.app/Contents/Developer/Toolchains/XcodeDefault.xctoolchain/usr/bin/clang++";
				INFOPLIST_FILE = "Info.plist";
				SYMROOT = "/Users/diesel/Projects/Qt/IRealtor_Desktop/build-IRealtor_Desktop-iphonesimulator_clang_Qt_5_3_for_iOS-Debug";
				DYLIB_CURRENT_VERSION = "1.0.0";
				DYLIB_COMPATIBILITY_VERSION = "1.0";
				IPHONEOS_DEPLOYMENT_TARGET = "5.0";
				CODE_SIGN_IDENTITY = "iPhone Developer";
				HEADER_SEARCH_PATHS = (
					"/Users/diesel/DevTools/Qt5.3.1/5.3/ios/mkspecs/macx-ios-clang/ios",
					"../../../../DevTools/Qt5.3.1/5.3/ios/include",
					"../../../../DevTools/Qt5.3.1/5.3/ios/include/QtWidgets",
					"../../../../DevTools/Qt5.3.1/5.3/ios/include/QtSql",
					"../../../../DevTools/Qt5.3.1/5.3/ios/include/QtGui",
					"../../../../DevTools/Qt5.3.1/5.3/ios/include/QtCore",
					".",
					".",
					".",
					"../../../../DevTools/Qt5.3.1/5.3/ios/mkspecs/macx-ios-clang");
				LIBRARY_SEARCH_PATHS = (
					"/Users/diesel/DevTools/Qt5.3.1/5.3/ios/plugins/platforms",
					"/System/Library/Frameworks/",
					"/Users/diesel/DevTools/Qt5.3.1/5.3/ios/lib",
					"/Users/diesel/DevTools/Qt5.3.1/5.3/ios/plugins/accessible",
					"/Users/diesel/DevTools/Qt5.3.1/5.3/ios/plugins/sqldrivers",
					"/Users/diesel/DevTools/Qt5.3.1/5.3/ios/plugins/imageformats");
				FRAMEWORK_SEARCH_PATHS = "";
				OTHER_CFLAGS = (
					"-pipe",
					"-fvisibility=hidden",
					"-fpascal-strings",
					"-fmessage-length=0",
					"-Wno-trigraphs",
					"-Wreturn-type",
					"-Wparentheses",
					"-Wswitch",
					"-Wno-unused-parameter",
					"-Wunused-variable",
					"-Wunused-value",
					"-Wno-shorten-64-to-32",
					"-Wno-sign-conversion",
					"-fexceptions",
					"-fasm-blocks",
					"-Wno-missing-field-initializers",
					"-Wno-missing-prototypes",
					"-Wno-implicit-atomic-properties",
					"-Wformat",
					"-Wno-missing-braces",
					"-Wno-unused-function",
					"-Wno-unused-label",
					"-Wuninitialized",
					"-Wno-unknown-pragmas",
					"-Wno-shadow",
					"-Wno-four-char-constants",
					"-Wno-sign-compare",
					"-Wpointer-sign",
					"-Wno-newline-eof",
					"-Wdeprecated-declarations",
					"-Winvalid-offsetof",
					"-Wno-conversion",
					"-g",
					"-Wall",
					"-W",
					"-fPIE",
					"-DDARWIN_NO_CARBON",
					"-DQT_NO_PRINTER",
					"-DQT_NO_PRINTDIALOG",
					"-DQT_WIDGETS_LIB",
					"-DQT_SQL_LIB",
					"-DQT_GUI_LIB",
					"-DQT_CORE_LIB");
				OTHER_CPLUSPLUSFLAGS = (
					"-pipe",
					"-fvisibility=hidden",
					"-fpascal-strings",
					"-fmessage-length=0",
					"-Wno-trigraphs",
					"-Wreturn-type",
					"-Wparentheses",
					"-Wswitch",
					"-Wno-unused-parameter",
					"-Wunused-variable",
					"-Wunused-value",
					"-Wno-shorten-64-to-32",
					"-Wno-sign-conversion",
					"-fexceptions",
					"-fasm-blocks",
					"-Wno-missing-field-initializers",
					"-Wno-missing-prototypes",
					"-Wno-implicit-atomic-properties",
					"-Wformat",
					"-Wno-missing-braces",
					"-Wno-unused-function",
					"-Wno-unused-label",
					"-Wuninitialized",
					"-Wno-unknown-pragmas",
					"-Wno-shadow",
					"-Wno-four-char-constants",
					"-Wno-sign-compare",
					"-Wpointer-sign",
					"-Wno-newline-eof",
					"-Wdeprecated-declarations",
					"-Winvalid-offsetof",
					"-Wno-conversion",
					"-fvisibility-inlines-hidden",
					"-Wno-non-virtual-dtor",
					"-Wno-overloaded-virtual",
					"-Wno-exit-time-destructors",
					"-g",
					"-std=c++11",
					"-stdlib=libc++",
					"-Wall",
					"-W",
					"-fPIE",
					"-DDARWIN_NO_CARBON",
					"-DQT_NO_PRINTER",
					"-DQT_NO_PRINTDIALOG",
					"-DQT_WIDGETS_LIB",
					"-DQT_SQL_LIB",
					"-DQT_GUI_LIB",
					"-DQT_CORE_LIB");
				OTHER_LDFLAGS = (
						"-headerpad_max_install_names",
						"-stdlib=libc++",
						"-u",
						"_qt_registerPlatformPlugin",
						"-L/Users/diesel/DevTools/Qt5.3.1/5.3/ios/plugins/platforms",
						"-framework",
						"UIKit",
						"-L/Users/diesel/DevTools/Qt5.3.1/5.3/ios/lib",
						"-framework",
						"OpenGLES",
						"-L/Users/diesel/DevTools/Qt5.3.1/5.3/ios/plugins/accessible",
						"-L/Users/diesel/DevTools/Qt5.3.1/5.3/ios/plugins/sqldrivers",
						"-L/Users/diesel/DevTools/Qt5.3.1/5.3/ios/plugins/imageformats",
						"-lz",
						"-lm");
				ARCHS = "arm";
			};
			name = "Debug";
		};
		77418F46922677BB04ED38DD = {
			isa = XCBuildConfiguration;
			buildSettings = {
				"ARCHS[sdk=iphoneos*]" = "armv7";
				"ARCHS[sdk=iphonesimulator*]" = "i386";
				COPY_PHASE_STRIP = "NO";
				DEBUG_INFORMATION_FORMAT = "dwarf";
				GCC_GENERATE_DEBUGGING_SYMBOLS = "YES";
				GCC_OPTIMIZATION_LEVEL = "0";
				PRODUCT_NAME = "IRealtor_Desktop";
				QT_LIBRARY_SUFFIX = "_debug";
				"QT_LIBRARY_SUFFIX[sdk=iphonesimulator*]" = "_iphonesimulator$(QT_LIBRARY_SUFFIX)";
				SDKROOT = "iphonesimulator";
				TARGETED_DEVICE_FAMILY = "1,2";
				PRODUCT_NAME = "IRealtor_Desktop";
			};
			name = "Debug";
		};
		339EE1B2CC4FC24589A0EA95 = {
			isa = XCBuildConfiguration;
			buildSettings = {
				"ARCHS[sdk=iphoneos*]" = "armv7";
				"ARCHS[sdk=iphonesimulator*]" = "i386";
				COPY_PHASE_STRIP = "YES";
				GCC_GENERATE_DEBUGGING_SYMBOLS = "NO";
				PRODUCT_NAME = "IRealtor_Desktop";
				QT_LIBRARY_SUFFIX = "";
				"QT_LIBRARY_SUFFIX[sdk=iphonesimulator*]" = "_iphonesimulator$(QT_LIBRARY_SUFFIX)";
				SDKROOT = "iphonesimulator";
				TARGETED_DEVICE_FAMILY = "1,2";
				GCC_VERSION = com.apple.compilers.llvm.clang.1_0;
				CC = "/Applications/Xcode.app/Contents/Developer/Toolchains/XcodeDefault.xctoolchain/usr/bin/clang";
				LDPLUSPLUS = "/Applications/Xcode.app/Contents/Developer/Toolchains/XcodeDefault.xctoolchain/usr/bin/clang++";
				INFOPLIST_FILE = "Info.plist";
				SYMROOT = "/Users/diesel/Projects/Qt/IRealtor_Desktop/build-IRealtor_Desktop-iphonesimulator_clang_Qt_5_3_for_iOS-Debug";
				DYLIB_CURRENT_VERSION = "1.0.0";
				DYLIB_COMPATIBILITY_VERSION = "1.0";
				IPHONEOS_DEPLOYMENT_TARGET = "5.0";
				CODE_SIGN_IDENTITY = "iPhone Developer";
				HEADER_SEARCH_PATHS = (
					"/Users/diesel/DevTools/Qt5.3.1/5.3/ios/mkspecs/macx-ios-clang/ios",
					"../../../../DevTools/Qt5.3.1/5.3/ios/include",
					"../../../../DevTools/Qt5.3.1/5.3/ios/include/QtWidgets",
					"../../../../DevTools/Qt5.3.1/5.3/ios/include/QtSql",
					"../../../../DevTools/Qt5.3.1/5.3/ios/include/QtGui",
					"../../../../DevTools/Qt5.3.1/5.3/ios/include/QtCore",
					".",
					".",
					".",
					"../../../../DevTools/Qt5.3.1/5.3/ios/mkspecs/macx-ios-clang");
				LIBRARY_SEARCH_PATHS = (
					"/Users/diesel/DevTools/Qt5.3.1/5.3/ios/plugins/platforms",
					"/System/Library/Frameworks/",
					"/Users/diesel/DevTools/Qt5.3.1/5.3/ios/lib",
					"/Users/diesel/DevTools/Qt5.3.1/5.3/ios/plugins/accessible",
					"/Users/diesel/DevTools/Qt5.3.1/5.3/ios/plugins/sqldrivers",
					"/Users/diesel/DevTools/Qt5.3.1/5.3/ios/plugins/imageformats");
				FRAMEWORK_SEARCH_PATHS = "";
				OTHER_CFLAGS = (
					"-pipe",
					"-fvisibility=hidden",
					"-fpascal-strings",
					"-fmessage-length=0",
					"-Wno-trigraphs",
					"-Wreturn-type",
					"-Wparentheses",
					"-Wswitch",
					"-Wno-unused-parameter",
					"-Wunused-variable",
					"-Wunused-value",
					"-Wno-shorten-64-to-32",
					"-Wno-sign-conversion",
					"-fexceptions",
					"-fasm-blocks",
					"-Wno-missing-field-initializers",
					"-Wno-missing-prototypes",
					"-Wno-implicit-atomic-properties",
					"-Wformat",
					"-Wno-missing-braces",
					"-Wno-unused-function",
					"-Wno-unused-label",
					"-Wuninitialized",
					"-Wno-unknown-pragmas",
					"-Wno-shadow",
					"-Wno-four-char-constants",
					"-Wno-sign-compare",
					"-Wpointer-sign",
					"-Wno-newline-eof",
					"-Wdeprecated-declarations",
					"-Winvalid-offsetof",
					"-Wno-conversion",
					"-g",
					"-Wall",
					"-W",
					"-fPIE",
					"-DDARWIN_NO_CARBON",
					"-DQT_NO_PRINTER",
					"-DQT_NO_PRINTDIALOG",
					"-DQT_WIDGETS_LIB",
					"-DQT_SQL_LIB",
					"-DQT_GUI_LIB",
					"-DQT_CORE_LIB");
				OTHER_CPLUSPLUSFLAGS = (
					"-pipe",
					"-fvisibility=hidden",
					"-fpascal-strings",
					"-fmessage-length=0",
					"-Wno-trigraphs",
					"-Wreturn-type",
					"-Wparentheses",
					"-Wswitch",
					"-Wno-unused-parameter",
					"-Wunused-variable",
					"-Wunused-value",
					"-Wno-shorten-64-to-32",
					"-Wno-sign-conversion",
					"-fexceptions",
					"-fasm-blocks",
					"-Wno-missing-field-initializers",
					"-Wno-missing-prototypes",
					"-Wno-implicit-atomic-properties",
					"-Wformat",
					"-Wno-missing-braces",
					"-Wno-unused-function",
					"-Wno-unused-label",
					"-Wuninitialized",
					"-Wno-unknown-pragmas",
					"-Wno-shadow",
					"-Wno-four-char-constants",
					"-Wno-sign-compare",
					"-Wpointer-sign",
					"-Wno-newline-eof",
					"-Wdeprecated-declarations",
					"-Winvalid-offsetof",
					"-Wno-conversion",
					"-fvisibility-inlines-hidden",
					"-Wno-non-virtual-dtor",
					"-Wno-overloaded-virtual",
					"-Wno-exit-time-destructors",
					"-g",
					"-std=c++11",
					"-stdlib=libc++",
					"-Wall",
					"-W",
					"-fPIE",
					"-DDARWIN_NO_CARBON",
					"-DQT_NO_PRINTER",
					"-DQT_NO_PRINTDIALOG",
					"-DQT_WIDGETS_LIB",
					"-DQT_SQL_LIB",
					"-DQT_GUI_LIB",
					"-DQT_CORE_LIB");
				OTHER_LDFLAGS = (
						"-headerpad_max_install_names",
						"-stdlib=libc++",
						"-u",
						"_qt_registerPlatformPlugin",
						"-L/Users/diesel/DevTools/Qt5.3.1/5.3/ios/plugins/platforms",
						"-framework",
						"UIKit",
						"-L/Users/diesel/DevTools/Qt5.3.1/5.3/ios/lib",
						"-framework",
						"OpenGLES",
						"-L/Users/diesel/DevTools/Qt5.3.1/5.3/ios/plugins/accessible",
						"-L/Users/diesel/DevTools/Qt5.3.1/5.3/ios/plugins/sqldrivers",
						"-L/Users/diesel/DevTools/Qt5.3.1/5.3/ios/plugins/imageformats",
						"-lz",
						"-lm");
				ARCHS = "arm";
			};
			name = "Release";
		};
		6666AA5E688052234F6758D8 = {
			isa = XCBuildConfiguration;
			buildSettings = {
				"ARCHS[sdk=iphoneos*]" = "armv7";
				"ARCHS[sdk=iphonesimulator*]" = "i386";
				COPY_PHASE_STRIP = "YES";
				GCC_GENERATE_DEBUGGING_SYMBOLS = "NO";
				PRODUCT_NAME = "IRealtor_Desktop";
				QT_LIBRARY_SUFFIX = "";
				"QT_LIBRARY_SUFFIX[sdk=iphonesimulator*]" = "_iphonesimulator$(QT_LIBRARY_SUFFIX)";
				SDKROOT = "iphonesimulator";
				TARGETED_DEVICE_FAMILY = "1,2";
				PRODUCT_NAME = "IRealtor_Desktop";
			};
			name = "Release";
		};
		DAC4C1AA5EDEA1C85E9CA5E6 = {
			isa = XCConfigurationList;
			buildConfigurations = (
				"3AA6C32AC930069E80220CF1",
				"339EE1B2CC4FC24589A0EA95");
			defaultConfigurationIsVisible = 0;
			defaultConfigurationName = "Debug";
		};
		6CC3B5D2136C7CD6A5CF5A59 = {
			isa = XCConfigurationList;
			buildConfigurations = (
				"77418F46922677BB04ED38DD",
				"6666AA5E688052234F6758D8");
			defaultConfigurationIsVisible = 0;
			defaultConfigurationName = "Debug";
		};
		6DB9C3763D02B1415CD9D565 = {
			hasScannedForEncodings = 1;
			compatibilityVersion = "Xcode 3.2";
			isa = PBXProject;
			mainGroup = "E8C543AB96796ECAA2E65C57";
			productRefGroup = "FE0A091FDBFB3E9C31B7A1BD";
			buildConfigurationList = "DAC4C1AA5EDEA1C85E9CA5E6";
			projectDirPath = "";
			projectRoot = "";
			targets = (
				"908A16A6697A93FF2E5946AC",
				"DB13583B19521E727A8F63A6");
		};
	};
	rootObject = "6DB9C3763D02B1415CD9D565";
}
